
Microsoft Visual Studio Solution File, Format Version 12.00
# Visual Studio 15
VisualStudioVersion = 15.0.28307.168
MinimumVisualStudioVersion = 10.0.40219.1
Project("{FAE04EC0-301F-11D3-BF4B-00C04F79EFBC}") = "DropBoxDemo.Android", "DropBoxDemo\DropBoxDemo.Android\DropBoxDemo.Android.csproj", "{6D82F2B0-A3AA-4830-8E45-008B6C076800}"
EndProject
Project("{FAE04EC0-301F-11D3-BF4B-00C04F79EFBC}") = "DropBoxDemo.iOS", "DropBoxDemo\DropBoxDemo.iOS\DropBoxDemo.iOS.csproj", "{BF3491D9-5CD5-4939-A314-6E1974C0AAEE}"
EndProject
Project("{FAE04EC0-301F-11D3-BF4B-00C04F79EFBC}") = "DropBoxDemo.UWP", "DropBoxDemo\DropBoxDemo.UWP\DropBoxDemo.UWP.csproj", "{F083AAA7-CD08-41D3-B2D9-9F576166CCD9}"
EndProject
Project("{FAE04EC0-301F-11D3-BF4B-00C04F79EFBC}") = "DropBoxDemo", "DropBoxDemo\DropBoxDemo\DropBoxDemo.csproj", "{2804625B-53C4-43D8-9E31-EE616CE97C50}"
EndProject
Global
	GlobalSection(SolutionConfigurationPlatforms) = preSolution
		Ad-Hoc|Any CPU = Ad-Hoc|Any CPU
		Ad-Hoc|ARM = Ad-Hoc|ARM
		Ad-Hoc|iPhone = Ad-Hoc|iPhone
		Ad-Hoc|iPhoneSimulator = Ad-Hoc|iPhoneSimulator
		Ad-Hoc|x64 = Ad-Hoc|x64
		Ad-Hoc|x86 = Ad-Hoc|x86
		AppStore|Any CPU = AppStore|Any CPU
		AppStore|ARM = AppStore|ARM
		AppStore|iPhone = AppStore|iPhone
		AppStore|iPhoneSimulator = AppStore|iPhoneSimulator
		AppStore|x64 = AppStore|x64
		AppStore|x86 = AppStore|x86
		Debug|Any CPU = Debug|Any CPU
		Debug|ARM = Debug|ARM
		Debug|iPhone = Debug|iPhone
		Debug|iPhoneSimulator = Debug|iPhoneSimulator
		Debug|x64 = Debug|x64
		Debug|x86 = Debug|x86
		Release|Any CPU = Release|Any CPU
		Release|ARM = Release|ARM
		Release|iPhone = Release|iPhone
		Release|iPhoneSimulator = Release|iPhoneSimulator
		Release|x64 = Release|x64
		Release|x86 = Release|x86
	EndGlobalSection
	GlobalSection(ProjectConfigurationPlatforms) = postSolution
		{6D82F2B0-A3AA-4830-8E45-008B6C076800}.Ad-Hoc|Any CPU.ActiveCfg = Release|Any CPU
		{6D82F2B0-A3AA-4830-8E45-008B6C076800}.Ad-Hoc|Any CPU.Build.0 = Release|Any CPU
		{6D82F2B0-A3AA-4830-8E45-008B6C076800}.Ad-Hoc|Any CPU.Deploy.0 = Release|Any CPU
		{6D82F2B0-A3AA-4830-8E45-008B6C076800}.Ad-Hoc|ARM.ActiveCfg = Release|Any CPU
		{6D82F2B0-A3AA-4830-8E45-008B6C076800}.Ad-Hoc|ARM.Build.0 = Release|Any CPU
		{6D82F2B0-A3AA-4830-8E45-008B6C076800}.Ad-Hoc|ARM.Deploy.0 = Release|Any CPU
		{6D82F2B0-A3AA-4830-8E45-008B6C076800}.Ad-Hoc|iPhone.ActiveCfg = Release|Any CPU
		{6D82F2B0-A3AA-4830-8E45-008B6C076800}.Ad-Hoc|iPhone.Build.0 = Release|Any CPU
		{6D82F2B0-A3AA-4830-8E45-008B6C076800}.Ad-Hoc|iPhone.Deploy.0 = Release|Any CPU
		{6D82F2B0-A3AA-4830-8E45-008B6C076800}.Ad-Hoc|iPhoneSimulator.ActiveCfg = Release|Any CPU
		{6D82F2B0-A3AA-4830-8E45-008B6C076800}.Ad-Hoc|iPhoneSimulator.Build.0 = Release|Any CPU
		{6D82F2B0-A3AA-4830-8E45-008B6C076800}.Ad-Hoc|iPhoneSimulator.Deploy.0 = Release|Any CPU
		{6D82F2B0-A3AA-4830-8E45-008B6C076800}.Ad-Hoc|x64.ActiveCfg = Release|Any CPU
		{6D82F2B0-A3AA-4830-8E45-008B6C076800}.Ad-Hoc|x64.Build.0 = Release|Any CPU
		{6D82F2B0-A3AA-4830-8E45-008B6C076800}.Ad-Hoc|x64.Deploy.0 = Release|Any CPU
		{6D82F2B0-A3AA-4830-8E45-008B6C076800}.Ad-Hoc|x86.ActiveCfg = Release|Any CPU
		{6D82F2B0-A3AA-4830-8E45-008B6C076800}.Ad-Hoc|x86.Build.0 = Release|Any CPU
		{6D82F2B0-A3AA-4830-8E45-008B6C076800}.Ad-Hoc|x86.Deploy.0 = Release|Any CPU
		{6D82F2B0-A3AA-4830-8E45-008B6C076800}.AppStore|Any CPU.ActiveCfg = Release|Any CPU
		{6D82F2B0-A3AA-4830-8E45-008B6C076800}.AppStore|Any CPU.Build.0 = Release|Any CPU
		{6D82F2B0-A3AA-4830-8E45-008B6C076800}.AppStore|Any CPU.Deploy.0 = Release|Any CPU
		{6D82F2B0-A3AA-4830-8E45-008B6C076800}.AppStore|ARM.ActiveCfg = Release|Any CPU
		{6D82F2B0-A3AA-4830-8E45-008B6C076800}.AppStore|ARM.Build.0 = Release|Any CPU
		{6D82F2B0-A3AA-4830-8E45-008B6C076800}.AppStore|ARM.Deploy.0 = Release|Any CPU
		{6D82F2B0-A3AA-4830-8E45-008B6C076800}.AppStore|iPhone.ActiveCfg = Release|Any CPU
		{6D82F2B0-A3AA-4830-8E45-008B6C076800}.AppStore|iPhone.Build.0 = Release|Any CPU
		{6D82F2B0-A3AA-4830-8E45-008B6C076800}.AppStore|iPhone.Deploy.0 = Release|Any CPU
		{6D82F2B0-A3AA-4830-8E45-008B6C076800}.AppStore|iPhoneSimulator.ActiveCfg = Release|Any CPU
		{6D82F2B0-A3AA-4830-8E45-008B6C076800}.AppStore|iPhoneSimulator.Build.0 = Release|Any CPU
		{6D82F2B0-A3AA-4830-8E45-008B6C076800}.AppStore|iPhoneSimulator.Deploy.0 = Release|Any CPU
		{6D82F2B0-A3AA-4830-8E45-008B6C076800}.AppStore|x64.ActiveCfg = Release|Any CPU
		{6D82F2B0-A3AA-4830-8E45-008B6C076800}.AppStore|x64.Build.0 = Release|Any CPU
		{6D82F2B0-A3AA-4830-8E45-008B6C076800}.AppStore|x64.Deploy.0 = Release|Any CPU
		{6D82F2B0-A3AA-4830-8E45-008B6C076800}.AppStore|x86.ActiveCfg = Release|Any CPU
		{6D82F2B0-A3AA-4830-8E45-008B6C076800}.AppStore|x86.Build.0 = Release|Any CPU
		{6D82F2B0-A3AA-4830-8E45-008B6C076800}.AppStore|x86.Deploy.0 = Release|Any CPU
		{6D82F2B0-A3AA-4830-8E45-008B6C076800}.Debug|Any CPU.ActiveCfg = Debug|Any CPU
		{6D82F2B0-A3AA-4830-8E45-008B6C076800}.Debug|Any CPU.Build.0 = Debug|Any CPU
		{6D82F2B0-A3AA-4830-8E45-008B6C076800}.Debug|Any CPU.Deploy.0 = Debug|Any CPU
		{6D82F2B0-A3AA-4830-8E45-008B6C076800}.Debug|ARM.ActiveCfg = Debug|Any CPU
		{6D82F2B0-A3AA-4830-8E45-008B6C076800}.Debug|ARM.Build.0 = Debug|Any CPU
		{6D82F2B0-A3AA-4830-8E45-008B6C076800}.Debug|ARM.Deploy.0 = Debug|Any CPU
		{6D82F2B0-A3AA-4830-8E45-008B6C076800}.Debug|iPhone.ActiveCfg = Debug|Any CPU
		{6D82F2B0-A3AA-4830-8E45-008B6C076800}.Debug|iPhone.Build.0 = Debug|Any CPU
		{6D82F2B0-A3AA-4830-8E45-008B6C076800}.Debug|iPhone.Deploy.0 = Debug|Any CPU
		{6D82F2B0-A3AA-4830-8E45-008B6C076800}.Debug|iPhoneSimulator.ActiveCfg = Debug|Any CPU
		{6D82F2B0-A3AA-4830-8E45-008B6C076800}.Debug|iPhoneSimulator.Build.0 = Debug|Any CPU
		{6D82F2B0-A3AA-4830-8E45-008B6C076800}.Debug|iPhoneSimulator.Deploy.0 = Debug|Any CPU
		{6D82F2B0-A3AA-4830-8E45-008B6C076800}.Debug|x64.ActiveCfg = Debug|Any CPU
		{6D82F2B0-A3AA-4830-8E45-008B6C076800}.Debug|x64.Build.0 = Debug|Any CPU
		{6D82F2B0-A3AA-4830-8E45-008B6C076800}.Debug|x64.Deploy.0 = Debug|Any CPU
		{6D82F2B0-A3AA-4830-8E45-008B6C076800}.Debug|x86.ActiveCfg = Debug|Any CPU
		{6D82F2B0-A3AA-4830-8E45-008B6C076800}.Debug|x86.Build.0 = Debug|Any CPU
		{6D82F2B0-A3AA-4830-8E45-008B6C076800}.Debug|x86.Deploy.0 = Debug|Any CPU
		{6D82F2B0-A3AA-4830-8E45-008B6C076800}.Release|Any CPU.ActiveCfg = Release|Any CPU
		{6D82F2B0-A3AA-4830-8E45-008B6C076800}.Release|Any CPU.Build.0 = Release|Any CPU
		{6D82F2B0-A3AA-4830-8E45-008B6C076800}.Release|Any CPU.Deploy.0 = Release|Any CPU
		{6D82F2B0-A3AA-4830-8E45-008B6C076800}.Release|ARM.ActiveCfg = Release|Any CPU
		{6D82F2B0-A3AA-4830-8E45-008B6C076800}.Release|ARM.Build.0 = Release|Any CPU
		{6D82F2B0-A3AA-4830-8E45-008B6C076800}.Release|ARM.Deploy.0 = Release|Any CPU
		{6D82F2B0-A3AA-4830-8E45-008B6C076800}.Release|iPhone.ActiveCfg = Release|Any CPU
		{6D82F2B0-A3AA-4830-8E45-008B6C076800}.Release|iPhone.Build.0 = Release|Any CPU
		{6D82F2B0-A3AA-4830-8E45-008B6C076800}.Release|iPhone.Deploy.0 = Release|Any CPU
		{6D82F2B0-A3AA-4830-8E45-008B6C076800}.Release|iPhoneSimulator.ActiveCfg = Release|Any CPU
		{6D82F2B0-A3AA-4830-8E45-008B6C076800}.Release|iPhoneSimulator.Build.0 = Release|Any CPU
		{6D82F2B0-A3AA-4830-8E45-008B6C076800}.Release|iPhoneSimulator.Deploy.0 = Release|Any CPU
		{6D82F2B0-A3AA-4830-8E45-008B6C076800}.Release|x64.ActiveCfg = Release|Any CPU
		{6D82F2B0-A3AA-4830-8E45-008B6C076800}.Release|x64.Build.0 = Release|Any CPU
		{6D82F2B0-A3AA-4830-8E45-008B6C076800}.Release|x64.Deploy.0 = Release|Any CPU
		{6D82F2B0-A3AA-4830-8E45-008B6C076800}.Release|x86.ActiveCfg = Release|Any CPU
		{6D82F2B0-A3AA-4830-8E45-008B6C076800}.Release|x86.Build.0 = Release|Any CPU
		{6D82F2B0-A3AA-4830-8E45-008B6C076800}.Release|x86.Deploy.0 = Release|Any CPU
		{BF3491D9-5CD5-4939-A314-6E1974C0AAEE}.Ad-Hoc|Any CPU.ActiveCfg = Ad-Hoc|iPhone
		{BF3491D9-5CD5-4939-A314-6E1974C0AAEE}.Ad-Hoc|Any CPU.Build.0 = Ad-Hoc|iPhone
		{BF3491D9-5CD5-4939-A314-6E1974C0AAEE}.Ad-Hoc|Any CPU.Deploy.0 = Ad-Hoc|iPhone
		{BF3491D9-5CD5-4939-A314-6E1974C0AAEE}.Ad-Hoc|ARM.ActiveCfg = Ad-Hoc|iPhone
		{BF3491D9-5CD5-4939-A314-6E1974C0AAEE}.Ad-Hoc|ARM.Build.0 = Ad-Hoc|iPhone
		{BF3491D9-5CD5-4939-A314-6E1974C0AAEE}.Ad-Hoc|ARM.Deploy.0 = Ad-Hoc|iPhone
		{BF3491D9-5CD5-4939-A314-6E1974C0AAEE}.Ad-Hoc|iPhone.ActiveCfg = Ad-Hoc|iPhone
		{BF3491D9-5CD5-4939-A314-6E1974C0AAEE}.Ad-Hoc|iPhone.Build.0 = Ad-Hoc|iPhone
		{BF3491D9-5CD5-4939-A314-6E1974C0AAEE}.Ad-Hoc|iPhone.Deploy.0 = Ad-Hoc|iPhone
		{BF3491D9-5CD5-4939-A314-6E1974C0AAEE}.Ad-Hoc|iPhoneSimulator.ActiveCfg = Ad-Hoc|iPhoneSimulator
		{BF3491D9-5CD5-4939-A314-6E1974C0AAEE}.Ad-Hoc|iPhoneSimulator.Build.0 = Ad-Hoc|iPhoneSimulator
		{BF3491D9-5CD5-4939-A314-6E1974C0AAEE}.Ad-Hoc|iPhoneSimulator.Deploy.0 = Ad-Hoc|iPhoneSimulator
		{BF3491D9-5CD5-4939-A314-6E1974C0AAEE}.Ad-Hoc|x64.ActiveCfg = Ad-Hoc|iPhone
		{BF3491D9-5CD5-4939-A314-6E1974C0AAEE}.Ad-Hoc|x64.Build.0 = Ad-Hoc|iPhone
		{BF3491D9-5CD5-4939-A314-6E1974C0AAEE}.Ad-Hoc|x64.Deploy.0 = Ad-Hoc|iPhone
		{BF3491D9-5CD5-4939-A314-6E1974C0AAEE}.Ad-Hoc|x86.ActiveCfg = Ad-Hoc|iPhone
		{BF3491D9-5CD5-4939-A314-6E1974C0AAEE}.Ad-Hoc|x86.Build.0 = Ad-Hoc|iPhone
		{BF3491D9-5CD5-4939-A314-6E1974C0AAEE}.Ad-Hoc|x86.Deploy.0 = Ad-Hoc|iPhone
		{BF3491D9-5CD5-4939-A314-6E1974C0AAEE}.AppStore|Any CPU.ActiveCfg = AppStore|iPhone
		{BF3491D9-5CD5-4939-A314-6E1974C0AAEE}.AppStore|Any CPU.Build.0 = AppStore|iPhone
		{BF3491D9-5CD5-4939-A314-6E1974C0AAEE}.AppStore|Any CPU.Deploy.0 = AppStore|iPhone
		{BF3491D9-5CD5-4939-A314-6E1974C0AAEE}.AppStore|ARM.ActiveCfg = AppStore|iPhone
		{BF3491D9-5CD5-4939-A314-6E1974C0AAEE}.AppStore|ARM.Build.0 = AppStore|iPhone
		{BF3491D9-5CD5-4939-A314-6E1974C0AAEE}.AppStore|ARM.Deploy.0 = AppStore|iPhone
		{BF3491D9-5CD5-4939-A314-6E1974C0AAEE}.AppStore|iPhone.ActiveCfg = AppStore|iPhone
		{BF3491D9-5CD5-4939-A314-6E1974C0AAEE}.AppStore|iPhone.Build.0 = AppStore|iPhone
		{BF3491D9-5CD5-4939-A314-6E1974C0AAEE}.AppStore|iPhone.Deploy.0 = AppStore|iPhone
		{BF3491D9-5CD5-4939-A314-6E1974C0AAEE}.AppStore|iPhoneSimulator.ActiveCfg = AppStore|iPhoneSimulator
		{BF3491D9-5CD5-4939-A314-6E1974C0AAEE}.AppStore|iPhoneSimulator.Build.0 = AppStore|iPhoneSimulator
		{BF3491D9-5CD5-4939-A314-6E1974C0AAEE}.AppStore|iPhoneSimulator.Deploy.0 = AppStore|iPhoneSimulator
		{BF3491D9-5CD5-4939-A314-6E1974C0AAEE}.AppStore|x64.ActiveCfg = AppStore|iPhone
		{BF3491D9-5CD5-4939-A314-6E1974C0AAEE}.AppStore|x64.Build.0 = AppStore|iPhone
		{BF3491D9-5CD5-4939-A314-6E1974C0AAEE}.AppStore|x64.Deploy.0 = AppStore|iPhone
		{BF3491D9-5CD5-4939-A314-6E1974C0AAEE}.AppStore|x86.ActiveCfg = AppStore|iPhone
		{BF3491D9-5CD5-4939-A314-6E1974C0AAEE}.AppStore|x86.Build.0 = AppStore|iPhone
		{BF3491D9-5CD5-4939-A314-6E1974C0AAEE}.AppStore|x86.Deploy.0 = AppStore|iPhone
		{BF3491D9-5CD5-4939-A314-6E1974C0AAEE}.Debug|Any CPU.ActiveCfg = Debug|iPhoneSimulator
		{BF3491D9-5CD5-4939-A314-6E1974C0AAEE}.Debug|Any CPU.Build.0 = Debug|iPhoneSimulator
		{BF3491D9-5CD5-4939-A314-6E1974C0AAEE}.Debug|Any CPU.Deploy.0 = Debug|iPhoneSimulator
		{BF3491D9-5CD5-4939-A314-6E1974C0AAEE}.Debug|ARM.ActiveCfg = Debug|iPhone
		{BF3491D9-5CD5-4939-A314-6E1974C0AAEE}.Debug|ARM.Build.0 = Debug|iPhone
		{BF3491D9-5CD5-4939-A314-6E1974C0AAEE}.Debug|ARM.Deploy.0 = Debug|iPhone
		{BF3491D9-5CD5-4939-A314-6E1974C0AAEE}.Debug|iPhone.ActiveCfg = Debug|iPhone
		{BF3491D9-5CD5-4939-A314-6E1974C0AAEE}.Debug|iPhone.Build.0 = Debug|iPhone
		{BF3491D9-5CD5-4939-A314-6E1974C0AAEE}.Debug|iPhone.Deploy.0 = Debug|iPhone
		{BF3491D9-5CD5-4939-A314-6E1974C0AAEE}.Debug|iPhoneSimulator.ActiveCfg = Debug|iPhoneSimulator
		{BF3491D9-5CD5-4939-A314-6E1974C0AAEE}.Debug|iPhoneSimulator.Build.0 = Debug|iPhoneSimulator
		{BF3491D9-5CD5-4939-A314-6E1974C0AAEE}.Debug|iPhoneSimulator.Deploy.0 = Debug|iPhoneSimulator
		{BF3491D9-5CD5-4939-A314-6E1974C0AAEE}.Debug|x64.ActiveCfg = Debug|iPhone
		{BF3491D9-5CD5-4939-A314-6E1974C0AAEE}.Debug|x64.Build.0 = Debug|iPhone
		{BF3491D9-5CD5-4939-A314-6E1974C0AAEE}.Debug|x64.Deploy.0 = Debug|iPhone
		{BF3491D9-5CD5-4939-A314-6E1974C0AAEE}.Debug|x86.ActiveCfg = Debug|iPhone
		{BF3491D9-5CD5-4939-A314-6E1974C0AAEE}.Debug|x86.Build.0 = Debug|iPhone
		{BF3491D9-5CD5-4939-A314-6E1974C0AAEE}.Debug|x86.Deploy.0 = Debug|iPhone
		{BF3491D9-5CD5-4939-A314-6E1974C0AAEE}.Release|Any CPU.ActiveCfg = Release|iPhone
		{BF3491D9-5CD5-4939-A314-6E1974C0AAEE}.Release|Any CPU.Build.0 = Release|iPhone
		{BF3491D9-5CD5-4939-A314-6E1974C0AAEE}.Release|Any CPU.Deploy.0 = Release|iPhone
		{BF3491D9-5CD5-4939-A314-6E1974C0AAEE}.Release|ARM.ActiveCfg = Release|iPhone
		{BF3491D9-5CD5-4939-A314-6E1974C0AAEE}.Release|ARM.Build.0 = Release|iPhone
		{BF3491D9-5CD5-4939-A314-6E1974C0AAEE}.Release|ARM.Deploy.0 = Release|iPhone
		{BF3491D9-5CD5-4939-A314-6E1974C0AAEE}.Release|iPhone.ActiveCfg = Release|iPhone
		{BF3491D9-5CD5-4939-A314-6E1974C0AAEE}.Release|iPhone.Build.0 = Release|iPhone
		{BF3491D9-5CD5-4939-A314-6E1974C0AAEE}.Release|iPhone.Deploy.0 = Release|iPhone
		{BF3491D9-5CD5-4939-A314-6E1974C0AAEE}.Release|iPhoneSimulator.ActiveCfg = Release|iPhoneSimulator
		{BF3491D9-5CD5-4939-A314-6E1974C0AAEE}.Release|iPhoneSimulator.Build.0 = Release|iPhoneSimulator
		{BF3491D9-5CD5-4939-A314-6E1974C0AAEE}.Release|iPhoneSimulator.Deploy.0 = Release|iPhoneSimulator
		{BF3491D9-5CD5-4939-A314-6E1974C0AAEE}.Release|x64.ActiveCfg = Release|iPhone
		{BF3491D9-5CD5-4939-A314-6E1974C0AAEE}.Release|x64.Build.0 = Release|iPhone
		{BF3491D9-5CD5-4939-A314-6E1974C0AAEE}.Release|x64.Deploy.0 = Release|iPhone
		{BF3491D9-5CD5-4939-A314-6E1974C0AAEE}.Release|x86.ActiveCfg = Release|iPhone
		{BF3491D9-5CD5-4939-A314-6E1974C0AAEE}.Release|x86.Build.0 = Release|iPhone
		{BF3491D9-5CD5-4939-A314-6E1974C0AAEE}.Release|x86.Deploy.0 = Release|iPhone
		{F083AAA7-CD08-41D3-B2D9-9F576166CCD9}.Ad-Hoc|Any CPU.ActiveCfg = Release|x86
		{F083AAA7-CD08-41D3-B2D9-9F576166CCD9}.Ad-Hoc|Any CPU.Build.0 = Release|x86
		{F083AAA7-CD08-41D3-B2D9-9F576166CCD9}.Ad-Hoc|Any CPU.Deploy.0 = Release|x86
		{F083AAA7-CD08-41D3-B2D9-9F576166CCD9}.Ad-Hoc|ARM.ActiveCfg = Release|ARM
		{F083AAA7-CD08-41D3-B2D9-9F576166CCD9}.Ad-Hoc|ARM.Build.0 = Release|ARM
		{F083AAA7-CD08-41D3-B2D9-9F576166CCD9}.Ad-Hoc|ARM.Deploy.0 = Release|ARM
		{F083AAA7-CD08-41D3-B2D9-9F576166CCD9}.Ad-Hoc|iPhone.ActiveCfg = Release|x86
		{F083AAA7-CD08-41D3-B2D9-9F576166CCD9}.Ad-Hoc|iPhone.Build.0 = Release|x86
		{F083AAA7-CD08-41D3-B2D9-9F576166CCD9}.Ad-Hoc|iPhone.Deploy.0 = Release|x86
		{F083AAA7-CD08-41D3-B2D9-9F576166CCD9}.Ad-Hoc|iPhoneSimulator.ActiveCfg = Release|x86
		{F083AAA7-CD08-41D3-B2D9-9F576166CCD9}.Ad-Hoc|iPhoneSimulator.Build.0 = Release|x86
		{F083AAA7-CD08-41D3-B2D9-9F576166CCD9}.Ad-Hoc|iPhoneSimulator.Deploy.0 = Release|x86
		{F083AAA7-CD08-41D3-B2D9-9F576166CCD9}.Ad-Hoc|x64.ActiveCfg = Release|x64
		{F083AAA7-CD08-41D3-B2D9-9F576166CCD9}.Ad-Hoc|x64.Build.0 = Release|x64
		{F083AAA7-CD08-41D3-B2D9-9F576166CCD9}.Ad-Hoc|x64.Deploy.0 = Release|x64
		{F083AAA7-CD08-41D3-B2D9-9F576166CCD9}.Ad-Hoc|x86.ActiveCfg = Release|x86
		{F083AAA7-CD08-41D3-B2D9-9F576166CCD9}.Ad-Hoc|x86.Build.0 = Release|x86
		{F083AAA7-CD08-41D3-B2D9-9F576166CCD9}.Ad-Hoc|x86.Deploy.0 = Release|x86
		{F083AAA7-CD08-41D3-B2D9-9F576166CCD9}.AppStore|Any CPU.ActiveCfg = Release|x86
		{F083AAA7-CD08-41D3-B2D9-9F576166CCD9}.AppStore|Any CPU.Build.0 = Release|x86
		{F083AAA7-CD08-41D3-B2D9-9F576166CCD9}.AppStore|Any CPU.Deploy.0 = Release|x86
		{F083AAA7-CD08-41D3-B2D9-9F576166CCD9}.AppStore|ARM.ActiveCfg = Release|ARM
		{F083AAA7-CD08-41D3-B2D9-9F576166CCD9}.AppStore|ARM.Build.0 = Release|ARM
		{F083AAA7-CD08-41D3-B2D9-9F576166CCD9}.AppStore|ARM.Deploy.0 = Release|ARM
		{F083AAA7-CD08-41D3-B2D9-9F576166CCD9}.AppStore|iPhone.ActiveCfg = Release|x86
		{F083AAA7-CD08-41D3-B2D9-9F576166CCD9}.AppStore|iPhone.Build.0 = Release|x86
		{F083AAA7-CD08-41D3-B2D9-9F576166CCD9}.AppStore|iPhone.Deploy.0 = Release|x86
		{F083AAA7-CD08-41D3-B2D9-9F576166CCD9}.AppStore|iPhoneSimulator.ActiveCfg = Release|x86
		{F083AAA7-CD08-41D3-B2D9-9F576166CCD9}.AppStore|iPhoneSimulator.Build.0 = Release|x86
		{F083AAA7-CD08-41D3-B2D9-9F576166CCD9}.AppStore|iPhoneSimulator.Deploy.0 = Release|x86
		{F083AAA7-CD08-41D3-B2D9-9F576166CCD9}.AppStore|x64.ActiveCfg = Release|x64
		{F083AAA7-CD08-41D3-B2D9-9F576166CCD9}.AppStore|x64.Build.0 = Release|x64
		{F083AAA7-CD08-41D3-B2D9-9F576166CCD9}.AppStore|x64.Deploy.0 = Release|x64
		{F083AAA7-CD08-41D3-B2D9-9F576166CCD9}.AppStore|x86.ActiveCfg = Release|x86
		{F083AAA7-CD08-41D3-B2D9-9F576166CCD9}.AppStore|x86.Build.0 = Release|x86
		{F083AAA7-CD08-41D3-B2D9-9F576166CCD9}.AppStore|x86.Deploy.0 = Release|x86
		{F083AAA7-CD08-41D3-B2D9-9F576166CCD9}.Debug|Any CPU.ActiveCfg = Debug|x86
		{F083AAA7-CD08-41D3-B2D9-9F576166CCD9}.Debug|Any CPU.Build.0 = Debug|x86
		{F083AAA7-CD08-41D3-B2D9-9F576166CCD9}.Debug|Any CPU.Deploy.0 = Debug|x86
		{F083AAA7-CD08-41D3-B2D9-9F576166CCD9}.Debug|ARM.ActiveCfg = Debug|ARM
		{F083AAA7-CD08-41D3-B2D9-9F576166CCD9}.Debug|ARM.Build.0 = Debug|ARM
		{F083AAA7-CD08-41D3-B2D9-9F576166CCD9}.Debug|ARM.Deploy.0 = Debug|ARM
		{F083AAA7-CD08-41D3-B2D9-9F576166CCD9}.Debug|iPhone.ActiveCfg = Debug|x86
		{F083AAA7-CD08-41D3-B2D9-9F576166CCD9}.Debug|iPhone.Build.0 = Debug|x86
		{F083AAA7-CD08-41D3-B2D9-9F576166CCD9}.Debug|iPhone.Deploy.0 = Debug|x86
		{F083AAA7-CD08-41D3-B2D9-9F576166CCD9}.Debug|iPhoneSimulator.ActiveCfg = Debug|x86
		{F083AAA7-CD08-41D3-B2D9-9F576166CCD9}.Debug|iPhoneSimulator.Build.0 = Debug|x86
		{F083AAA7-CD08-41D3-B2D9-9F576166CCD9}.Debug|iPhoneSimulator.Deploy.0 = Debug|x86
		{F083AAA7-CD08-41D3-B2D9-9F576166CCD9}.Debug|x64.ActiveCfg = Debug|x64
		{F083AAA7-CD08-41D3-B2D9-9F576166CCD9}.Debug|x64.Build.0 = Debug|x64
		{F083AAA7-CD08-41D3-B2D9-9F576166CCD9}.Debug|x64.Deploy.0 = Debug|x64
		{F083AAA7-CD08-41D3-B2D9-9F576166CCD9}.Debug|x86.ActiveCfg = Debug|x86
		{F083AAA7-CD08-41D3-B2D9-9F576166CCD9}.Debug|x86.Build.0 = Debug|x86
		{F083AAA7-CD08-41D3-B2D9-9F576166CCD9}.Debug|x86.Deploy.0 = Debug|x86
		{F083AAA7-CD08-41D3-B2D9-9F576166CCD9}.Release|Any CPU.ActiveCfg = Release|x86
		{F083AAA7-CD08-41D3-B2D9-9F576166CCD9}.Release|Any CPU.Build.0 = Release|x86
		{F083AAA7-CD08-41D3-B2D9-9F576166CCD9}.Release|Any CPU.Deploy.0 = Release|x86
		{F083AAA7-CD08-41D3-B2D9-9F576166CCD9}.Release|ARM.ActiveCfg = Release|ARM
		{F083AAA7-CD08-41D3-B2D9-9F576166CCD9}.Release|ARM.Build.0 = Release|ARM
		{F083AAA7-CD08-41D3-B2D9-9F576166CCD9}.Release|ARM.Deploy.0 = Release|ARM
		{F083AAA7-CD08-41D3-B2D9-9F576166CCD9}.Release|iPhone.ActiveCfg = Release|x86
		{F083AAA7-CD08-41D3-B2D9-9F576166CCD9}.Release|iPhone.Build.0 = Release|x86
		{F083AAA7-CD08-41D3-B2D9-9F576166CCD9}.Release|iPhone.Deploy.0 = Release|x86
		{F083AAA7-CD08-41D3-B2D9-9F576166CCD9}.Release|iPhoneSimulator.ActiveCfg = Release|x86
		{F083AAA7-CD08-41D3-B2D9-9F576166CCD9}.Release|iPhoneSimulator.Build.0 = Release|x86
		{F083AAA7-CD08-41D3-B2D9-9F576166CCD9}.Release|iPhoneSimulator.Deploy.0 = Release|x86
		{F083AAA7-CD08-41D3-B2D9-9F576166CCD9}.Release|x64.ActiveCfg = Release|x64
		{F083AAA7-CD08-41D3-B2D9-9F576166CCD9}.Release|x64.Build.0 = Release|x64
		{F083AAA7-CD08-41D3-B2D9-9F576166CCD9}.Release|x64.Deploy.0 = Release|x64
		{F083AAA7-CD08-41D3-B2D9-9F576166CCD9}.Release|x86.ActiveCfg = Release|x86
		{F083AAA7-CD08-41D3-B2D9-9F576166CCD9}.Release|x86.Build.0 = Release|x86
		{F083AAA7-CD08-41D3-B2D9-9F576166CCD9}.Release|x86.Deploy.0 = Release|x86
		{2804625B-53C4-43D8-9E31-EE616CE97C50}.Ad-Hoc|Any CPU.ActiveCfg = Debug|Any CPU
		{2804625B-53C4-43D8-9E31-EE616CE97C50}.Ad-Hoc|Any CPU.Build.0 = Debug|Any CPU
		{2804625B-53C4-43D8-9E31-EE616CE97C50}.Ad-Hoc|Any CPU.Deploy.0 = Debug|Any CPU
		{2804625B-53C4-43D8-9E31-EE616CE97C50}.Ad-Hoc|ARM.ActiveCfg = Debug|Any CPU
		{2804625B-53C4-43D8-9E31-EE616CE97C50}.Ad-Hoc|ARM.Build.0 = Debug|Any CPU
		{2804625B-53C4-43D8-9E31-EE616CE97C50}.Ad-Hoc|ARM.Deploy.0 = Debug|Any CPU
		{2804625B-53C4-43D8-9E31-EE616CE97C50}.Ad-Hoc|iPhone.ActiveCfg = Debug|Any CPU
		{2804625B-53C4-43D8-9E31-EE616CE97C50}.Ad-Hoc|iPhone.Build.0 = Debug|Any CPU
		{2804625B-53C4-43D8-9E31-EE616CE97C50}.Ad-Hoc|iPhone.Deploy.0 = Debug|Any CPU
		{2804625B-53C4-43D8-9E31-EE616CE97C50}.Ad-Hoc|iPhoneSimulator.ActiveCfg = Debug|Any CPU
		{2804625B-53C4-43D8-9E31-EE616CE97C50}.Ad-Hoc|iPhoneSimulator.Build.0 = Debug|Any CPU
		{2804625B-53C4-43D8-9E31-EE616CE97C50}.Ad-Hoc|iPhoneSimulator.Deploy.0 = Debug|Any CPU
		{2804625B-53C4-43D8-9E31-EE616CE97C50}.Ad-Hoc|x64.ActiveCfg = Debug|Any CPU
		{2804625B-53C4-43D8-9E31-EE616CE97C50}.Ad-Hoc|x64.Build.0 = Debug|Any CPU
		{2804625B-53C4-43D8-9E31-EE616CE97C50}.Ad-Hoc|x64.Deploy.0 = Debug|Any CPU
		{2804625B-53C4-43D8-9E31-EE616CE97C50}.Ad-Hoc|x86.ActiveCfg = Debug|Any CPU
		{2804625B-53C4-43D8-9E31-EE616CE97C50}.Ad-Hoc|x86.Build.0 = Debug|Any CPU
		{2804625B-53C4-43D8-9E31-EE616CE97C50}.Ad-Hoc|x86.Deploy.0 = Debug|Any CPU
		{2804625B-53C4-43D8-9E31-EE616CE97C50}.AppStore|Any CPU.ActiveCfg = Debug|Any CPU
		{2804625B-53C4-43D8-9E31-EE616CE97C50}.AppStore|Any CPU.Build.0 = Debug|Any CPU
		{2804625B-53C4-43D8-9E31-EE616CE97C50}.AppStore|Any CPU.Deploy.0 = Debug|Any CPU
		{2804625B-53C4-43D8-9E31-EE616CE97C50}.AppStore|ARM.ActiveCfg = Debug|Any CPU
		{2804625B-53C4-43D8-9E31-EE616CE97C50}.AppStore|ARM.Build.0 = Debug|Any CPU
		{2804625B-53C4-43D8-9E31-EE616CE97C50}.AppStore|ARM.Deploy.0 = Debug|Any CPU
		{2804625B-53C4-43D8-9E31-EE616CE97C50}.AppStore|iPhone.ActiveCfg = Debug|Any CPU
		{2804625B-53C4-43D8-9E31-EE616CE97C50}.AppStore|iPhone.Build.0 = Debug|Any CPU
		{2804625B-53C4-43D8-9E31-EE616CE97C50}.AppStore|iPhone.Deploy.0 = Debug|Any CPU
		{2804625B-53C4-43D8-9E31-EE616CE97C50}.AppStore|iPhoneSimulator.ActiveCfg = Debug|Any CPU
		{2804625B-53C4-43D8-9E31-EE616CE97C50}.AppStore|iPhoneSimulator.Build.0 = Debug|Any CPU
		{2804625B-53C4-43D8-9E31-EE616CE97C50}.AppStore|iPhoneSimulator.Deploy.0 = Debug|Any CPU
		{2804625B-53C4-43D8-9E31-EE616CE97C50}.AppStore|x64.ActiveCfg = Debug|Any CPU
		{2804625B-53C4-43D8-9E31-EE616CE97C50}.AppStore|x64.Build.0 = Debug|Any CPU
		{2804625B-53C4-43D8-9E31-EE616CE97C50}.AppStore|x64.Deploy.0 = Debug|Any CPU
		{2804625B-53C4-43D8-9E31-EE616CE97C50}.AppStore|x86.ActiveCfg = Debug|Any CPU
		{2804625B-53C4-43D8-9E31-EE616CE97C50}.AppStore|x86.Build.0 = Debug|Any CPU
		{2804625B-53C4-43D8-9E31-EE616CE97C50}.AppStore|x86.Deploy.0 = Debug|Any CPU
		{2804625B-53C4-43D8-9E31-EE616CE97C50}.Debug|Any CPU.ActiveCfg = Debug|Any CPU
		{2804625B-53C4-43D8-9E31-EE616CE97C50}.Debug|Any CPU.Build.0 = Debug|Any CPU
		{2804625B-53C4-43D8-9E31-EE616CE97C50}.Debug|Any CPU.Deploy.0 = Debug|Any CPU
		{2804625B-53C4-43D8-9E31-EE616CE97C50}.Debug|ARM.ActiveCfg = Debug|Any CPU
		{2804625B-53C4-43D8-9E31-EE616CE97C50}.Debug|ARM.Build.0 = Debug|Any CPU
		{2804625B-53C4-43D8-9E31-EE616CE97C50}.Debug|ARM.Deploy.0 = Debug|Any CPU
		{2804625B-53C4-43D8-9E31-EE616CE97C50}.Debug|iPhone.ActiveCfg = Debug|Any CPU
		{2804625B-53C4-43D8-9E31-EE616CE97C50}.Debug|iPhone.Build.0 = Debug|Any CPU
		{2804625B-53C4-43D8-9E31-EE616CE97C50}.Debug|iPhone.Deploy.0 = Debug|Any CPU
		{2804625B-53C4-43D8-9E31-EE616CE97C50}.Debug|iPhoneSimulator.ActiveCfg = Debug|Any CPU
		{2804625B-53C4-43D8-9E31-EE616CE97C50}.Debug|iPhoneSimulator.Build.0 = Debug|Any CPU
		{2804625B-53C4-43D8-9E31-EE616CE97C50}.Debug|iPhoneSimulator.Deploy.0 = Debug|Any CPU
		{2804625B-53C4-43D8-9E31-EE616CE97C50}.Debug|x64.ActiveCfg = Debug|Any CPU
		{2804625B-53C4-43D8-9E31-EE616CE97C50}.Debug|x64.Build.0 = Debug|Any CPU
		{2804625B-53C4-43D8-9E31-EE616CE97C50}.Debug|x64.Deploy.0 = Debug|Any CPU
		{2804625B-53C4-43D8-9E31-EE616CE97C50}.Debug|x86.ActiveCfg = Debug|Any CPU
		{2804625B-53C4-43D8-9E31-EE616CE97C50}.Debug|x86.Build.0 = Debug|Any CPU
		{2804625B-53C4-43D8-9E31-EE616CE97C50}.Debug|x86.Deploy.0 = Debug|Any CPU
		{2804625B-53C4-43D8-9E31-EE616CE97C50}.Release|Any CPU.ActiveCfg = Release|Any CPU
		{2804625B-53C4-43D8-9E31-EE616CE97C50}.Release|Any CPU.Build.0 = Release|Any CPU
		{2804625B-53C4-43D8-9E31-EE616CE97C50}.Release|Any CPU.Deploy.0 = Release|Any CPU
		{2804625B-53C4-43D8-9E31-EE616CE97C50}.Release|ARM.ActiveCfg = Release|Any CPU
		{2804625B-53C4-43D8-9E31-EE616CE97C50}.Release|ARM.Build.0 = Release|Any CPU
		{2804625B-53C4-43D8-9E31-EE616CE97C50}.Release|ARM.Deploy.0 = Release|Any CPU
		{2804625B-53C4-43D8-9E31-EE616CE97C50}.Release|iPhone.ActiveCfg = Release|Any CPU
		{2804625B-53C4-43D8-9E31-EE616CE97C50}.Release|iPhone.Build.0 = Release|Any CPU
		{2804625B-53C4-43D8-9E31-EE616CE97C50}.Release|iPhone.Deploy.0 = Release|Any CPU
		{2804625B-53C4-43D8-9E31-EE616CE97C50}.Release|iPhoneSimulator.ActiveCfg = Release|Any CPU
		{2804625B-53C4-43D8-9E31-EE616CE97C50}.Release|iPhoneSimulator.Build.0 = Release|Any CPU
		{2804625B-53C4-43D8-9E31-EE616CE97C50}.Release|iPhoneSimulator.Deploy.0 = Release|Any CPU
		{2804625B-53C4-43D8-9E31-EE616CE97C50}.Release|x64.ActiveCfg = Release|Any CPU
		{2804625B-53C4-43D8-9E31-EE616CE97C50}.Release|x64.Build.0 = Release|Any CPU
		{2804625B-53C4-43D8-9E31-EE616CE97C50}.Release|x64.Deploy.0 = Release|Any CPU
		{2804625B-53C4-43D8-9E31-EE616CE97C50}.Release|x86.ActiveCfg = Release|Any CPU
		{2804625B-53C4-43D8-9E31-EE616CE97C50}.Release|x86.Build.0 = Release|Any CPU
		{2804625B-53C4-43D8-9E31-EE616CE97C50}.Release|x86.Deploy.0 = Release|Any CPU
	EndGlobalSection
	GlobalSection(SolutionProperties) = preSolution
		HideSolutionNode = FALSE
	EndGlobalSection
	GlobalSection(ExtensibilityGlobals) = postSolution
		SolutionGuid = {31F6C14E-7981-4C02-9A4C-F2BDD649061E}
	EndGlobalSection
EndGlobal
